# This file is automatically @generated by Cargo.
# It is not intended for manual editing.
version = 4

[[package]]
name = "crisol"
version = "0.0.0"

[[package]]
name = "crisol-a11y"
version = "0.0.0"

[[package]]
name = "crisol-async"
version = "0.0.0"

[[package]]
name = "crisol-builtins"
version = "0.0.0"

[[package]]
name = "crisol-codegen"
version = "0.0.0"

[[package]]
name = "crisol-css"
version = "0.0.0"

[[package]]
name = "crisol-diag"
version = "0.0.0"

[[package]]
name = "crisol-display-list"
version = "0.0.0"

[[package]]
name = "crisol-dom"
version = "0.0.0"

[[package]]
name = "crisol-events"
version = "0.0.0"

[[package]]
name = "crisol-frontend"
version = "0.0.0"

[[package]]
name = "crisol-gc"
version = "0.0.0"

[[package]]
name = "crisol-host"
version = "0.0.0"

[[package]]
name = "crisol-html"
version = "0.0.0"

[[package]]
name = "crisol-interp"
version = "0.0.0"

[[package]]
name = "crisol-ir"
version = "0.0.0"

[[package]]
name = "crisol-layout"
version = "0.0.0"

[[package]]
name = "crisol-opt"
version = "0.0.0"

[[package]]
name = "crisol-paint"
version = "0.0.0"

[[package]]
name = "crisol-render-wgpu"
version = "0.0.0"

[[package]]
name = "crisol-style"
version = "0.0.0"

[[package]]
name = "crisol-text"
version = "0.0.0"

[[package]]
name = "crisol-text-gpu"
version = "0.0.0"

[[package]]
name = "crisol-tree"
version = "0.0.0"

[[package]]
name = "crisol-ui"
version = "0.0.0"
dependencies = [
 "crisol-a11y",
 "crisol-css",
 "crisol-display-list",
 "crisol-events",
 "crisol-html",
 "crisol-layout",
 "crisol-paint",
 "crisol-render-wgpu",
 "crisol-style",
 "crisol-text",
 "crisol-tree",
]

[[package]]
name = "crisol-value"
version = "0.0.0"
